
Microsoft Visual Studio Solution File, Format Version 12.00
# Visual Studio Version 16
VisualStudioVersion = 16.0.30114.105
MinimumVisualStudioVersion = 10.0.40219.1
Project("{FAE04EC0-301F-11D3-BF4B-00C04F79EFBC}") = "benchmark", "benchmark.csproj", "{6B121E94-7A7C-43CF-B948-8DFE7821CD46}"
EndProject
Project("{FAE04EC0-301F-11D3-BF4B-00C04F79EFBC}") = "Dapper.Repository", "..\src\Dapper.Repository\Dapper.Repository.csproj", "{0430A2D1-68EE-48E2-9CBE-93871CDD5794}"
EndProject
Project("{FAE04EC0-301F-11D3-BF4B-00C04F79EFBC}") = "Dapper.Repository.Sql", "..\src\Dapper.Repository.Sql\Dapper.Repository.Sql.csproj", "{2B3D3B74-BA6F-41B9-83B7-E14083645A22}"
EndProject
Global
	GlobalSection(SolutionConfigurationPlatforms) = preSolution
		Debug|Any CPU = Debug|Any CPU
		Release|Any CPU = Release|Any CPU
	EndGlobalSection
	GlobalSection(SolutionProperties) = preSolution
		HideSolutionNode = FALSE
	EndGlobalSection
	GlobalSection(ProjectConfigurationPlatforms) = postSolution
		{6B121E94-7A7C-43CF-B948-8DFE7821CD46}.Debug|Any CPU.ActiveCfg = Debug|Any CPU
		{6B121E94-7A7C-43CF-B948-8DFE7821CD46}.Debug|Any CPU.Build.0 = Debug|Any CPU
		{6B121E94-7A7C-43CF-B948-8DFE7821CD46}.Release|Any CPU.ActiveCfg = Release|Any CPU
		{6B121E94-7A7C-43CF-B948-8DFE7821CD46}.Release|Any CPU.Build.0 = Release|Any CPU
		{0430A2D1-68EE-48E2-9CBE-93871CDD5794}.Debug|Any CPU.ActiveCfg = Debug|Any CPU
		{0430A2D1-68EE-48E2-9CBE-93871CDD5794}.Debug|Any CPU.Build.0 = Debug|Any CPU
		{0430A2D1-68EE-48E2-9CBE-93871CDD5794}.Release|Any CPU.ActiveCfg = Release|Any CPU
		{0430A2D1-68EE-48E2-9CBE-93871CDD5794}.Release|Any CPU.Build.0 = Release|Any CPU
		{2B3D3B74-BA6F-41B9-83B7-E14083645A22}.Debug|Any CPU.ActiveCfg = Debug|Any CPU
		{2B3D3B74-BA6F-41B9-83B7-E14083645A22}.Debug|Any CPU.Build.0 = Debug|Any CPU
		{2B3D3B74-BA6F-41B9-83B7-E14083645A22}.Release|Any CPU.ActiveCfg = Release|Any CPU
		{2B3D3B74-BA6F-41B9-83B7-E14083645A22}.Release|Any CPU.Build.0 = Release|Any CPU
	EndGlobalSection
EndGlobal
